{
  "dependencies": {
    "autoprefixer-core": {
      "version": "5.2.1",
      "dependencies": {
        "browserslist": {
          "version": "0.4.0"
        },
        "num2fraction": {
          "version": "1.1.0"
        },
        "caniuse-db": {
          "version": "1.0.30000232"
        },
        "postcss": {
          "version": "4.1.16",
          "dependencies": {
            "es6-promise": {
              "version": "2.3.0"
            },
            "source-map": {
              "version": "0.4.4",
              "dependencies": {
                "amdefine": {
                  "version": "1.0.0"
                }
              }
            },
            "js-base64": {
              "version": "2.1.8"
            }
          }
        }
      }
    },
    "cssnext": {
      "version": "1.8.1",
      "dependencies": {
        "caniuse-api": {
          "version": "1.3.2",
          "dependencies": {
            "browserslist": {
              "version": "0.4.0"
            },
            "caniuse-db": {
              "version": "1.0.30000232"
            },
            "lodash.memoize": {
              "version": "2.4.1",
              "dependencies": {
                "lodash.isfunction": {
                  "version": "2.4.1"
                },
                "lodash._keyprefix": {
                  "version": "2.4.2"
                }
              }
            },
            "lodash.uniq": {
              "version": "3.2.2",
              "dependencies": {
                "lodash._basecallback": {
                  "version": "3.3.1",
                  "dependencies": {
                    "lodash._baseisequal": {
                      "version": "3.0.7",
                      "dependencies": {
                        "lodash.istypedarray": {
                          "version": "3.0.2"
                        },
                        "lodash.keys": {
                          "version": "3.1.2",
                          "dependencies": {
                            "lodash.isarguments": {
                              "version": "3.0.4"
                            }
                          }
                        }
                      }
                    },
                    "lodash._bindcallback": {
                      "version": "3.0.1"
                    },
                    "lodash.pairs": {
                      "version": "3.0.1",
                      "dependencies": {
                        "lodash.keys": {
                          "version": "3.1.2",
                          "dependencies": {
                            "lodash.isarguments": {
                              "version": "3.0.4"
                            }
                          }
                        }
                      }
                    }
                  }
                },
                "lodash._baseuniq": {
                  "version": "3.0.3",
                  "dependencies": {
                    "lodash._baseindexof": {
                      "version": "3.1.0"
                    },
                    "lodash._cacheindexof": {
                      "version": "3.0.2"
                    },
                    "lodash._createcache": {
                      "version": "3.1.2"
                    }
                  }
                },
                "lodash._getnative": {
                  "version": "3.9.1"
                },
                "lodash._isiterateecall": {
                  "version": "3.0.9"
                },
                "lodash.isarray": {
                  "version": "3.0.4"
                }
              }
            },
            "shelljs": {
              "version": "0.3.0"
            }
          }
        },
        "chalk": {
          "version": "1.1.0",
          "dependencies": {
            "ansi-styles": {
              "version": "2.1.0"
            },
            "escape-string-regexp": {
              "version": "1.0.3"
            },
            "has-ansi": {
              "version": "2.0.0",
              "dependencies": {
                "ansi-regex": {
                  "version": "2.0.0"
                }
              }
            },
            "strip-ansi": {
              "version": "3.0.0",
              "dependencies": {
                "ansi-regex": {
                  "version": "2.0.0"
                }
              }
            },
            "supports-color": {
              "version": "2.0.0"
            }
          }
        },
        "chokidar": {
          "version": "1.0.4",
          "dependencies": {
            "anymatch": {
              "version": "1.3.0",
              "dependencies": {
                "micromatch": {
                  "version": "2.1.6",
                  "dependencies": {
                    "arr-diff": {
                      "version": "1.0.1",
                      "dependencies": {
                        "array-slice": {
                          "version": "0.2.3"
                        }
                      }
                    },
                    "braces": {
                      "version": "1.8.0",
                      "dependencies": {
                        "expand-range": {
                          "version": "1.8.1",
                          "dependencies": {
                            "fill-range": {
                              "version": "2.2.2",
                              "dependencies": {
                                "is-number": {
                                  "version": "1.1.2"
                                },
                                "isobject": {
                                  "version": "1.0.2"
                                },
                                "randomatic": {
                                  "version": "1.1.0"
                                },
                                "repeat-string": {
                                  "version": "1.5.2"
                                }
                              }
                            }
                          }
                        },
                        "preserve": {
                          "version": "0.2.0"
                        },
                        "repeat-element": {
                          "version": "1.1.2"
                        }
                      }
                    },
                    "debug": {
                      "version": "2.2.0",
                      "dependencies": {
                        "ms": {
                          "version": "0.7.1"
                        }
                      }
                    },
                    "expand-brackets": {
                      "version": "0.1.1"
                    },
                    "filename-regex": {
                      "version": "2.0.0"
                    },
                    "kind-of": {
                      "version": "1.1.0"
                    },
                    "object.omit": {
                      "version": "0.2.1",
                      "dependencies": {
                        "for-own": {
                          "version": "0.1.3",
                          "dependencies": {
                            "for-in": {
                              "version": "0.1.4"
                            }
                          }
                        },
                        "isobject": {
                          "version": "0.2.0"
                        }
                      }
                    },
                    "parse-glob": {
                      "version": "3.0.2",
                      "dependencies": {
                        "glob-base": {
                          "version": "0.2.0"
                        },
                        "is-dotfile": {
                          "version": "1.0.1"
                        },
                        "is-extglob": {
                          "version": "1.0.0"
                        }
                      }
                    },
                    "regex-cache": {
                      "version": "0.4.2",
                      "dependencies": {
                        "is-equal-shallow": {
                          "version": "0.1.3"
                        },
                        "is-primitive": {
                          "version": "2.0.0"
                        }
                      }
                    }
                  }
                }
              }
            },
            "arrify": {
              "version": "1.0.0"
            },
            "async-each": {
              "version": "0.1.6"
            },
            "glob-parent": {
              "version": "1.2.0"
            },
            "is-binary-path": {
              "version": "1.0.1",
              "dependencies": {
                "binary-extensions": {
                  "version": "1.3.1"
                }
              }
            },
            "is-glob": {
              "version": "1.1.3"
            },
            "path-is-absolute": {
              "version": "1.0.0"
            },
            "readdirp": {
              "version": "1.3.0",
              "dependencies": {
                "graceful-fs": {
                  "version": "2.0.3"
                },
                "minimatch": {
                  "version": "0.2.14",
                  "dependencies": {
                    "lru-cache": {
                      "version": "2.6.5"
                    },
                    "sigmund": {
                      "version": "1.0.1"
                    }
                  }
                },
                "readable-stream": {
                  "version": "1.0.33",
                  "dependencies": {
                    "core-util-is": {
                      "version": "1.0.1"
                    },
                    "isarray": {
                      "version": "0.0.1"
                    },
                    "string_decoder": {
                      "version": "0.10.31"
                    },
                    "inherits": {
                      "version": "2.0.1"
                    }
                  }
                }
              }
            }
          }
        },
        "commander": {
          "version": "2.8.1",
          "dependencies": {
            "graceful-readlink": {
              "version": "1.0.1"
            }
          }
        },
        "cssnano": {
          "version": "2.1.0",
          "dependencies": {
            "balanced-match": {
              "version": "0.2.0"
            },
            "css-list": {
              "version": "0.1.2"
            },
            "flatten": {
              "version": "0.0.1"
            },
            "indexes-of": {
              "version": "1.0.1"
            },
            "minimist": {
              "version": "1.1.1"
            },
            "postcss-colormin": {
              "version": "1.2.3",
              "dependencies": {
                "color": {
                  "version": "0.8.0",
                  "dependencies": {
                    "color-convert": {
                      "version": "0.5.3"
                    },
                    "color-string": {
                      "version": "0.3.0",
                      "dependencies": {
                        "color-name": {
                          "version": "1.0.0"
                        }
                      }
                    }
                  }
                },
                "colormin": {
                  "version": "1.0.2",
                  "dependencies": {
                    "color": {
                      "version": "0.9.0",
                      "dependencies": {
                        "color-convert": {
                          "version": "0.5.3"
                        },
                        "color-string": {
                          "version": "0.3.0",
                          "dependencies": {
                            "color-name": {
                              "version": "1.0.0"
                            }
                          }
                        }
                      }
                    },
                    "css-color-names": {
                      "version": "0.0.1"
                    }
                  }
                },
                "reduce-function-call": {
                  "version": "1.0.1",
                  "dependencies": {
                    "balanced-match": {
                      "version": "0.1.0"
                    }
                  }
                }
              }
            },
            "postcss-convert-values": {
              "version": "1.2.3"
            },
            "postcss-discard-comments": {
              "version": "1.2.0",
              "dependencies": {
                "node-balanced": {
                  "version": "0.0.14"
                }
              }
            },
            "postcss-discard-duplicates": {
              "version": "1.1.3"
            },
            "postcss-discard-empty": {
              "version": "1.1.1"
            },
            "postcss-discard-unused": {
              "version": "1.0.0",
              "dependencies": {
                "uniqs": {
                  "version": "2.0.0"
                }
              }
            },
            "postcss-font-family": {
              "version": "1.1.1",
              "dependencies": {
                "uniqs": {
                  "version": "2.0.0"
                }
              }
            },
            "postcss-merge-idents": {
              "version": "1.0.1"
            },
            "postcss-merge-rules": {
              "version": "1.3.1"
            },
            "postcss-minify-font-weight": {
              "version": "1.0.1"
            },
            "postcss-minify-selectors": {
              "version": "1.4.2",
              "dependencies": {
                "javascript-natural-sort": {
                  "version": "0.7.1"
                },
                "normalize-selector": {
                  "version": "0.0.3-a"
                },
                "postcss-selector-parser": {
                  "version": "1.1.1",
                  "dependencies": {
                    "uniq": {
                      "version": "1.0.1"
                    }
                  }
                },
                "uniqs": {
                  "version": "2.0.0"
                }
              }
            },
            "postcss-minify-trbl": {
              "version": "1.0.0"
            },
            "postcss-normalize-url": {
              "version": "2.1.0",
              "dependencies": {
                "is-absolute-url": {
                  "version": "2.0.0"
                },
                "normalize-url": {
                  "version": "1.3.0",
                  "dependencies": {
                    "prepend-http": {
                      "version": "1.0.1"
                    },
                    "query-string": {
                      "version": "2.3.0"
                    },
                    "sort-keys": {
                      "version": "1.1.0",
                      "dependencies": {
                        "is-obj": {
                          "version": "1.0.0"
                        }
                      }
                    }
                  }
                },
                "object-assign": {
                  "version": "3.0.0"
                }
              }
            },
            "postcss-reduce-idents": {
              "version": "1.0.1",
              "dependencies": {
                "reduce-function-call": {
                  "version": "1.0.1",
                  "dependencies": {
                    "balanced-match": {
                      "version": "0.1.0"
                    }
                  }
                }
              }
            },
            "postcss-single-charset": {
              "version": "0.3.0",
              "dependencies": {
                "fs-extra": {
                  "version": "0.14.0",
                  "dependencies": {
                    "ncp": {
                      "version": "1.0.1"
                    },
                    "jsonfile": {
                      "version": "2.2.1"
                    },
                    "rimraf": {
                      "version": "2.4.1",
                      "dependencies": {
                        "glob": {
                          "version": "4.5.3",
                          "dependencies": {
                            "inflight": {
                              "version": "1.0.4",
                              "dependencies": {
                                "wrappy": {
                                  "version": "1.0.1"
                                }
                              }
                            },
                            "inherits": {
                              "version": "2.0.1"
                            },
                            "minimatch": {
                              "version": "2.0.8",
                              "dependencies": {
                                "brace-expansion": {
                                  "version": "1.1.0",
                                  "dependencies": {
                                    "concat-map": {
                                      "version": "0.0.1"
                                    }
                                  }
                                }
                              }
                            },
                            "once": {
                              "version": "1.3.2",
                              "dependencies": {
                                "wrappy": {
                                  "version": "1.0.1"
                                }
                              }
                            }
                          }
                        }
                      }
                    }
                  }
                }
              }
            },
            "postcss-unique-selectors": {
              "version": "1.0.0",
              "dependencies": {
                "javascript-natural-sort": {
                  "version": "0.7.1"
                },
                "uniqs": {
                  "version": "2.0.0"
                }
              }
            },
            "postcss-zindex": {
              "version": "1.1.2"
            }
          }
        },
        "exit": {
          "version": "0.1.2"
        },
        "mkdirp": {
          "version": "0.5.1",
          "dependencies": {
            "minimist": {
              "version": "0.0.8"
            }
          }
        },
        "pixrem": {
          "version": "1.3.1",
          "dependencies": {
            "browserslist": {
              "version": "0.5.0",
              "dependencies": {
                "caniuse-db": {
                  "version": "1.0.30000232"
                }
              }
            },
            "reduce-css-calc": {
              "version": "1.2.0",
              "dependencies": {
                "balanced-match": {
                  "version": "0.1.0"
                },
                "reduce-function-call": {
                  "version": "1.0.1"
                }
              }
            }
          }
        },
        "pleeease-filters": {
          "version": "1.0.1",
          "dependencies": {
            "onecolor": {
              "version": "2.4.2"
            }
          }
        },
        "postcss-calc": {
          "version": "4.1.0",
          "dependencies": {
            "postcss-message-helpers": {
              "version": "2.0.0"
            },
            "reduce-css-calc": {
              "version": "1.2.0",
              "dependencies": {
                "balanced-match": {
                  "version": "0.1.0"
                },
                "reduce-function-call": {
                  "version": "1.0.1"
                }
              }
            }
          }
        },
        "postcss-color-function": {
          "version": "1.3.2",
          "dependencies": {
            "balanced-match": {
              "version": "0.1.0"
            },
            "css-color-function": {
              "version": "1.2.1",
              "dependencies": {
                "rgb": {
                  "version": "0.1.0"
                },
                "debug": {
                  "version": "0.7.4"
                },
                "color": {
                  "version": "0.7.3",
                  "dependencies": {
                    "color-convert": {
                      "version": "0.5.3"
                    },
                    "color-string": {
                      "version": "0.2.4",
                      "dependencies": {
                        "color-name": {
                          "version": "1.0.0"
                        }
                      }
                    }
                  }
                }
              }
            },
            "postcss-message-helpers": {
              "version": "1.1.1"
            }
          }
        },
        "postcss-color-gray": {
          "version": "2.0.0",
          "dependencies": {
            "color": {
              "version": "0.7.3",
              "dependencies": {
                "color-convert": {
                  "version": "0.5.3"
                },
                "color-string": {
                  "version": "0.2.4",
                  "dependencies": {
                    "color-name": {
                      "version": "1.0.0"
                    }
                  }
                }
              }
            },
            "postcss-message-helpers": {
              "version": "2.0.0"
            },
            "reduce-function-call": {
              "version": "1.0.1",
              "dependencies": {
                "balanced-match": {
                  "version": "0.1.0"
                }
              }
            }
          }
        },
        "postcss-color-hex-alpha": {
          "version": "1.2.0",
          "dependencies": {
            "color": {
              "version": "0.7.3",
              "dependencies": {
                "color-convert": {
                  "version": "0.5.3"
                },
                "color-string": {
                  "version": "0.2.4",
                  "dependencies": {
                    "color-name": {
                      "version": "1.0.0"
                    }
                  }
                }
              }
            },
            "postcss-message-helpers": {
              "version": "1.1.1"
            }
          }
        },
        "postcss-color-hwb": {
          "version": "1.1.0",
          "dependencies": {
            "color": {
              "version": "0.7.3",
              "dependencies": {
                "color-convert": {
                  "version": "0.5.3"
                },
                "color-string": {
                  "version": "0.2.4",
                  "dependencies": {
                    "color-name": {
                      "version": "1.0.0"
                    }
                  }
                }
              }
            },
            "postcss-message-helpers": {
              "version": "1.1.1"
            },
            "reduce-function-call": {
              "version": "1.0.1",
              "dependencies": {
                "balanced-match": {
                  "version": "0.1.0"
                }
              }
            }
          }
        },
        "postcss-color-rebeccapurple": {
          "version": "1.2.0",
          "dependencies": {
            "color": {
              "version": "0.9.0",
              "dependencies": {
                "color-convert": {
                  "version": "0.5.3"
                },
                "color-string": {
                  "version": "0.3.0",
                  "dependencies": {
                    "color-name": {
                      "version": "1.0.0"
                    }
                  }
                }
              }
            }
          }
        },
        "postcss-color-rgba-fallback": {
          "version": "1.3.0",
          "dependencies": {
            "color-string": {
              "version": "0.3.0",
              "dependencies": {
                "color-name": {
                  "version": "1.0.0"
                }
              }
            }
          }
        },
        "postcss-custom-media": {
          "version": "4.1.0"
        },
        "postcss-custom-properties": {
          "version": "4.1.0",
          "dependencies": {
            "balanced-match": {
              "version": "0.1.0"
            }
          }
        },
        "postcss-custom-selectors": {
          "version": "2.3.0",
          "dependencies": {
            "balanced-match": {
              "version": "0.2.0"
            }
          }
        },
        "postcss-font-variant": {
          "version": "1.1.0"
        },
        "postcss-media-minmax": {
          "version": "1.2.0"
        },
        "postcss-messages": {
          "version": "0.2.2"
        },
        "postcss-pseudo-class-any-link": {
          "version": "0.2.1",
          "dependencies": {
            "postcss-selector-parser": {
              "version": "1.1.2",
              "dependencies": {
                "flatten": {
                  "version": "0.0.1"
                },
                "indexes-of": {
                  "version": "1.0.1"
                },
                "uniq": {
                  "version": "1.0.1"
                }
              }
            }
          }
        },
        "postcss-pseudoelements": {
          "version": "2.2.0"
        },
        "postcss-reporter": {
          "version": "0.1.0",
          "dependencies": {
            "lodash.difference": {
              "version": "3.2.2",
              "dependencies": {
                "lodash._basedifference": {
                  "version": "3.0.3",
                  "dependencies": {
                    "lodash._baseindexof": {
                      "version": "3.1.0"
                    },
                    "lodash._cacheindexof": {
                      "version": "3.0.2"
                    },
                    "lodash._createcache": {
                      "version": "3.1.2",
                      "dependencies": {
                        "lodash._getnative": {
                          "version": "3.9.1"
                        }
                      }
                    }
                  }
                },
                "lodash._baseflatten": {
                  "version": "3.1.4",
                  "dependencies": {
                    "lodash.isarguments": {
                      "version": "3.0.4"
                    },
                    "lodash.isarray": {
                      "version": "3.0.4"
                    }
                  }
                },
                "lodash.restparam": {
                  "version": "3.6.1"
                }
              }
            }
          }
        },
        "postcss-selector-matches": {
          "version": "1.2.1",
          "dependencies": {
            "balanced-match": {
              "version": "0.2.0"
            }
          }
        },
        "postcss-selector-not": {
          "version": "1.2.1",
          "dependencies": {
            "balanced-match": {
              "version": "0.2.0"
            }
          }
        },
        "postcss-url": {
          "version": "3.3.1",
          "dependencies": {
            "directory-encoder": {
              "version": "0.6.1",
              "dependencies": {
                "fs-extra": {
                  "version": "0.8.1",
                  "dependencies": {
                    "ncp": {
                      "version": "0.4.2"
                    },
                    "mkdirp": {
                      "version": "0.3.5"
                    },
                    "jsonfile": {
                      "version": "1.1.1"
                    },
                    "rimraf": {
                      "version": "2.2.8"
                    }
                  }
                },
                "handlebars": {
                  "version": "1.1.2",
                  "dependencies": {
                    "optimist": {
                      "version": "0.3.7",
                      "dependencies": {
                        "wordwrap": {
                          "version": "0.0.3"
                        }
                      }
                    },
                    "uglify-js": {
                      "version": "2.3.6",
                      "dependencies": {
                        "async": {
                          "version": "0.2.10"
                        },
                        "source-map": {
                          "version": "0.1.43",
                          "dependencies": {
                            "amdefine": {
                              "version": "1.0.0"
                            }
                          }
                        }
                      }
                    }
                  }
                },
                "lodash": {
                  "version": "2.4.0"
                },
                "img-stats": {
                  "version": "0.4.2",
                  "dependencies": {
                    "xmldom": {
                      "version": "0.1.16"
                    }
                  }
                }
              }
            },
            "js-base64": {
              "version": "2.1.8"
            },
            "mime": {
              "version": "1.3.4"
            },
            "path-is-absolute": {
              "version": "1.0.0"
            },
            "reduce-function-call": {
              "version": "1.0.1",
              "dependencies": {
                "balanced-match": {
                  "version": "0.1.0"
                }
              }
            }
          }
        },
        "read-file-stdin": {
          "version": "0.2.0",
          "dependencies": {
            "gather-stream": {
              "version": "1.0.0"
            }
          }
        },
        "to-slug-case": {
          "version": "0.1.2",
          "dependencies": {
            "to-space-case": {
              "version": "0.1.2",
              "dependencies": {
                "to-no-case": {
                  "version": "0.1.1"
                }
              }
            }
          }
        },
        "to-space-case": {
          "version": "0.1.3",
          "dependencies": {
            "to-no-case": {
              "version": "0.1.2"
            }
          }
        },
        "write-file-stdout": {
          "version": "0.0.2"
        }
      }
    },
    "lost": {
      "version": "6.5.0",
      "dependencies": {
        "object-assign": {
          "version": "2.0.0"
        }
      }
    },
    "postcss": {
      "version": "4.1.16",
      "dependencies": {
        "es6-promise": {
          "version": "2.3.0"
        },
        "source-map": {
          "version": "0.4.4",
          "dependencies": {
            "amdefine": {
              "version": "1.0.0"
            }
          }
        },
        "js-base64": {
          "version": "2.1.8"
        }
      }
    },
    "postcss-import": {
      "version": "6.1.1",
      "dependencies": {
        "clone": {
          "version": "0.1.19"
        },
        "es6-promise": {
          "version": "2.3.0"
        },
        "glob": {
          "version": "5.0.14",
          "dependencies": {
            "inflight": {
              "version": "1.0.4",
              "dependencies": {
                "wrappy": {
                  "version": "1.0.1"
                }
              }
            },
            "inherits": {
              "version": "2.0.1"
            },
            "minimatch": {
              "version": "2.0.8",
              "dependencies": {
                "brace-expansion": {
                  "version": "1.1.0",
                  "dependencies": {
                    "balanced-match": {
                      "version": "0.2.0"
                    },
                    "concat-map": {
                      "version": "0.0.1"
                    }
                  }
                }
              }
            },
            "once": {
              "version": "1.3.2",
              "dependencies": {
                "wrappy": {
                  "version": "1.0.1"
                }
              }
            },
            "path-is-absolute": {
              "version": "1.0.0"
            }
          }
        },
        "object-assign": {
          "version": "3.0.0"
        },
        "postcss-message-helpers": {
          "version": "2.0.0"
        },
        "resolve": {
          "version": "1.1.6"
        },
        "string-hash": {
          "version": "1.1.0"
        }
      }
    },
    "postcss-mixins": {
      "version": "0.3.0",
      "dependencies": {
        "postcss-simple-vars": {
          "version": "0.3.0"
        }
      }
    },
    "postcss-nested": {
      "version": "0.3.2"
    }
  }
}
